
Microsoft Visual Studio Solution File, Format Version 12.00
# Visual Studio Version 17
VisualStudioVersion = 17.10.35004.147
MinimumVisualStudioVersion = 10.0.40219.1
Project("{FAE04EC0-301F-11D3-BF4B-00C04F79EFBC}") = "MurphyXangelHelper", "MurphyXangelHelper.csproj", "{794834FD-29A4-42DB-8DAB-9EB3166DD134}"
EndProject
Global
	GlobalSection(SolutionConfigurationPlatforms) = preSolution
		Debug|Any CPU = Debug|Any CPU
		Release|Any CPU = Release|Any CPU
	EndGlobalSection
	GlobalSection(ProjectConfigurationPlatforms) = postSolution
		{794834FD-29A4-42DB-8DAB-9EB3166DD134}.Debug|Any CPU.ActiveCfg = Debug|Any CPU
		{794834FD-29A4-42DB-8DAB-9EB3166DD134}.Debug|Any CPU.Build.0 = Debug|Any CPU
		{794834FD-29A4-42DB-8DAB-9EB3166DD134}.Release|Any CPU.ActiveCfg = Release|Any CPU
		{794834FD-29A4-42DB-8DAB-9EB3166DD134}.Release|Any CPU.Build.0 = Release|Any CPU
	EndGlobalSection
	GlobalSection(SolutionProperties) = preSolution
		HideSolutionNode = FALSE
	EndGlobalSection
	GlobalSection(ExtensibilityGlobals) = postSolution
		SolutionGuid = {CFF56885-D839-4BF1-83BC-2A03A6863343}
	EndGlobalSection
EndGlobal
